
Microsoft Visual Studio Solution File, Format Version 12.00
# Visual Studio Version 17
VisualStudioVersion = 17.8.34511.84
MinimumVisualStudioVersion = 10.0.40219.1
Project("{FAE04EC0-301F-11D3-BF4B-00C04F79EFBC}") = "IBM07Feb2024_FormsAuthAspMVC5", "IBM07Feb2024_FormsAuthAspMVC5\IBM07Feb2024_FormsAuthAspMVC5.csproj", "{0F37AB96-3C14-4B25-A368-2C9AFE67133E}"
EndProject
Global
	GlobalSection(SolutionConfigurationPlatforms) = preSolution
		Debug|Any CPU = Debug|Any CPU
		Release|Any CPU = Release|Any CPU
	EndGlobalSection
	GlobalSection(ProjectConfigurationPlatforms) = postSolution
		{0F37AB96-3C14-4B25-A368-2C9AFE67133E}.Debug|Any CPU.ActiveCfg = Debug|Any CPU
		{0F37AB96-3C14-4B25-A368-2C9AFE67133E}.Debug|Any CPU.Build.0 = Debug|Any CPU
		{0F37AB96-3C14-4B25-A368-2C9AFE67133E}.Release|Any CPU.ActiveCfg = Release|Any CPU
		{0F37AB96-3C14-4B25-A368-2C9AFE67133E}.Release|Any CPU.Build.0 = Release|Any CPU
	EndGlobalSection
	GlobalSection(SolutionProperties) = preSolution
		HideSolutionNode = FALSE
	EndGlobalSection
	GlobalSection(ExtensibilityGlobals) = postSolution
		SolutionGuid = {14BF283D-A36D-4FBE-B84A-2740D7B4B76A}
	EndGlobalSection
EndGlobal
